github.com/Songmu/gotesplit v0.3.1 h1:w/xNwYEYIiIe4aErY7I4fpTYp1A53rIhx18RZfR797s=
github.com/Songmu/gotesplit v0.3.1/go.mod h1:Gc6lQzFz/oYJd2mMD8kwT1llsgtDnuEQhIQv2HSNOfg=
github.com/google/go-cmp v0.5.8 h1:e6P7q2lk1O+qJJb4BtCQXlK8vWEO8V1ZeuEdJNOqZyg=
github.com/google/go-cmp v0.5.8/go.mod h1:17dUlkBOakJ0+DkrSSNjCkIjxS6bF9zb3elmeNGIjoY=
github.com/jstemmer/go-junit-report/v2 v2.0.0 h1:bMZNO9B16VFn07tKyi4YJFIbZtVmJaa5Xakv9dcwK58=
github.com/jstemmer/go-junit-report/v2 v2.0.0/go.mod h1:mgHVr7VUo5Tn8OLVr1cKnLuEy0M92wdRntM99h7RkgQ=
golang.org/x/sync v0.3.0 h1:ftCYgMx6zT/asHUrPw8BLLscYtGznsLAnjq5RH9P66E=
golang.org/x/sync v0.3.0/go.mod h1:FU7BRWz2tNW+3quACPkgCx/L+uEAv1htQ0V83Z9Rj+Y=
