
Microsoft Visual Studio Solution File, Format Version 12.00
# Visual Studio Version 17
VisualStudioVersion = 17.0.31903.59
MinimumVisualStudioVersion = 10.0.40219.1
Project("{FAE04EC0-301F-11D3-BF4B-00C04F79EFBC}") = "AspNet.WebApi.NetFramework", "AspNet.WebApi.NetFramework\AspNet.WebApi.NetFramework.csproj", "{5AFBA537-B009-49D6-97D4-77309099DE8A}"
EndProject
Project("{FAE04EC0-301F-11D3-BF4B-00C04F79EFBC}") = "AspNetCore.WebApi.Net", "AspNetCore.WebApi.Net\AspNetCore.WebApi.Net.csproj", "{3E4E8A77-A942-4D71-AB6D-953A2FBE71C1}"
EndProject
Global
	GlobalSection(SolutionConfigurationPlatforms) = preSolution
		Debug|Any CPU = Debug|Any CPU
		Release|Any CPU = Release|Any CPU
	EndGlobalSection
	GlobalSection(ProjectConfigurationPlatforms) = postSolution
		{5AFBA537-B009-49D6-97D4-77309099DE8A}.Debug|Any CPU.ActiveCfg = Debug|Any CPU
		{5AFBA537-B009-49D6-97D4-77309099DE8A}.Debug|Any CPU.Build.0 = Debug|Any CPU
		{5AFBA537-B009-49D6-97D4-77309099DE8A}.Release|Any CPU.ActiveCfg = Release|Any CPU
		{5AFBA537-B009-49D6-97D4-77309099DE8A}.Release|Any CPU.Build.0 = Release|Any CPU
		{3E4E8A77-A942-4D71-AB6D-953A2FBE71C1}.Debug|Any CPU.ActiveCfg = Debug|Any CPU
		{3E4E8A77-A942-4D71-AB6D-953A2FBE71C1}.Debug|Any CPU.Build.0 = Debug|Any CPU
		{3E4E8A77-A942-4D71-AB6D-953A2FBE71C1}.Release|Any CPU.ActiveCfg = Release|Any CPU
		{3E4E8A77-A942-4D71-AB6D-953A2FBE71C1}.Release|Any CPU.Build.0 = Release|Any CPU
	EndGlobalSection
	GlobalSection(SolutionProperties) = preSolution
		HideSolutionNode = FALSE
	EndGlobalSection
	GlobalSection(ExtensibilityGlobals) = postSolution
		SolutionGuid = {3D74953E-AB4F-4779-A7F2-9FBFEE9112D7}
	EndGlobalSection
EndGlobal
